
Microsoft Visual Studio Solution File, Format Version 12.00
# Visual Studio Version 16
VisualStudioVersion = 16.0.31729.503
MinimumVisualStudioVersion = 10.0.40219.1
Project("{FAE04EC0-301F-11D3-BF4B-00C04F79EFBC}") = "WebApplication4", "WebApplication4.csproj", "{67374DB7-B9CC-4C13-B7D4-CE616D7F015D}"
EndProject
Global
	GlobalSection(SolutionConfigurationPlatforms) = preSolution
		Debug|Any CPU = Debug|Any CPU
		Release|Any CPU = Release|Any CPU
	EndGlobalSection
	GlobalSection(ProjectConfigurationPlatforms) = postSolution
		{67374DB7-B9CC-4C13-B7D4-CE616D7F015D}.Debug|Any CPU.ActiveCfg = Debug|Any CPU
		{67374DB7-B9CC-4C13-B7D4-CE616D7F015D}.Debug|Any CPU.Build.0 = Debug|Any CPU
		{67374DB7-B9CC-4C13-B7D4-CE616D7F015D}.Release|Any CPU.ActiveCfg = Release|Any CPU
		{67374DB7-B9CC-4C13-B7D4-CE616D7F015D}.Release|Any CPU.Build.0 = Release|Any CPU
	EndGlobalSection
	GlobalSection(SolutionProperties) = preSolution
		HideSolutionNode = FALSE
	EndGlobalSection
	GlobalSection(ExtensibilityGlobals) = postSolution
		SolutionGuid = {BEE715FF-034C-4410-AA8F-3CDFD6C9BD53}
	EndGlobalSection
EndGlobal
